// !$*UTF8*$!
{
	archiveVersion = 1;
	classes = {
	};
	objectVersion = 46;
	objects = {

/* Begin PBXBuildFile section */
		4C22FDE91DA69F0F00AE0C6A /* MemeTableViewController.swift in Sources */ = {isa = PBXBuildFile; fileRef = 4C22FDE81DA69F0F00AE0C6A /* MemeTableViewController.swift */; };
		4C22FDEB1DA6A69A00AE0C6A /* MemeTableViewCell.swift in Sources */ = {isa = PBXBuildFile; fileRef = 4C22FDEA1DA6A69A00AE0C6A /* MemeTableViewCell.swift */; };
		4CA5E27C1DA4588700208C38 /* AppDelegate.swift in Sources */ = {isa = PBXBuildFile; fileRef = 4CA5E27B1DA4588700208C38 /* AppDelegate.swift */; };
		4CA5E2831DA4588700208C38 /* Assets.xcassets in Resources */ = {isa = PBXBuildFile; fileRef = 4CA5E2821DA4588700208C38 /* Assets.xcassets */; };
		4CA5E2861DA4588700208C38 /* LaunchScreen.storyboard in Resources */ = {isa = PBXBuildFile; fileRef = 4CA5E2841DA4588700208C38 /* LaunchScreen.storyboard */; };
		4CA5E28E1DA458D500208C38 /* MemeCreationViewController.swift in Sources */ = {isa = PBXBuildFile; fileRef = 4CA5E28D1DA458D500208C38 /* MemeCreationViewController.swift */; };
		4CA5E2901DA458EA00208C38 /* Meme.swift in Sources */ = {isa = PBXBuildFile; fileRef = 4CA5E28F1DA458EA00208C38 /* Meme.swift */; };
		4CA5E2921DA459D000208C38 /* Main.storyboard in Resources */ = {isa = PBXBuildFile; fileRef = 4CA5E2911DA459D000208C38 /* Main.storyboard */; };
/* End PBXBuildFile section */

/* Begin PBXFileReference section */
		4C22FDE81DA69F0F00AE0C6A /* MemeTableViewController.swift */ = {isa = PBXFileReference; fileEncoding = 4; lastKnownFileType = sourcecode.swift; path = MemeTableViewController.swift; sourceTree = "<group>"; };
		4C22FDEA1DA6A69A00AE0C6A /* MemeTableViewCell.swift */ = {isa = PBXFileReference; fileEncoding = 4; lastKnownFileType = sourcecode.swift; path = MemeTableViewCell.swift; sourceTree = "<group>"; };
		4CA5E2781DA4588700208C38 /* Meme 2.0.app */ = {isa = PBXFileReference; explicitFileType = wrapper.application; includeInIndex = 0; path = "Meme 2.0.app"; sourceTree = BUILT_PRODUCTS_DIR; };
		4CA5E27B1DA4588700208C38 /* AppDelegate.swift */ = {isa = PBXFileReference; lastKnownFileType = sourcecode.swift; path = AppDelegate.swift; sourceTree = "<group>"; };
		4CA5E2821DA4588700208C38 /* Assets.xcassets */ = {isa = PBXFileReference; lastKnownFileType = folder.assetcatalog; path = Assets.xcassets; sourceTree = "<group>"; };
		4CA5E2851DA4588700208C38 /* Base */ = {isa = PBXFileReference; lastKnownFileType = file.storyboard; name = Base; path = Base.lproj/LaunchScreen.storyboard; sourceTree = "<group>"; };
		4CA5E2871DA4588700208C38 /* Info.plist */ = {isa = PBXFileReference; lastKnownFileType = text.plist.xml; path = Info.plist; sourceTree = "<group>"; };
		4CA5E28D1DA458D500208C38 /* MemeCreationViewController.swift */ = {isa = PBXFileReference; fileEncoding = 4; lastKnownFileType = sourcecode.swift; path = MemeCreationViewController.swift; sourceTree = "<group>"; };
		4CA5E28F1DA458EA00208C38 /* Meme.swift */ = {isa = PBXFileReference; fileEncoding = 4; lastKnownFileType = sourcecode.swift; path = Meme.swift; sourceTree = "<group>"; };
		4CA5E2911DA459D000208C38 /* Main.storyboard */ = {isa = PBXFileReference; fileEncoding = 4; lastKnownFileType = file.storyboard; name = Main.storyboard; path = ../Main.storyboard; sourceTree = "<group>"; };
/* End PBXFileReference section */

/* Begin PBXFrameworksBuildPhase section */
		4CA5E2751DA4588700208C38 /* Frameworks */ = {
			isa = PBXFrameworksBuildPhase;
			buildActionMask = 2147483647;
			files = (
			);
			runOnlyForDeploymentPostprocessing = 0;
		};
/* End PBXFrameworksBuildPhase section */

/* Begin PBXGroup section */
		4CA5E26F1DA4588700208C38 = {
			isa = PBXGroup;
			children = (
				4CA5E27A1DA4588700208C38 /* Meme 2.0 */,
				4CA5E2791DA4588700208C38 /* Products */,
			);
			sourceTree = "<group>";
		};
		4CA5E2791DA4588700208C38 /* Products */ = {
			isa = PBXGroup;
			children = (
				4CA5E2781DA4588700208C38 /* Meme 2.0.app */,
			);
			name = Products;
			sourceTree = "<group>";
		};
		4CA5E27A1DA4588700208C38 /* Meme 2.0 */ = {
			isa = PBXGroup;
			children = (
				4CA5E27B1DA4588700208C38 /* AppDelegate.swift */,
				4CA5E28D1DA458D500208C38 /* MemeCreationViewController.swift */,
				4C22FDE81DA69F0F00AE0C6A /* MemeTableViewController.swift */,
				4CA5E2911DA459D000208C38 /* Main.storyboard */,
				4CA5E28F1DA458EA00208C38 /* Meme.swift */,
				4C22FDEA1DA6A69A00AE0C6A /* MemeTableViewCell.swift */,
				4CA5E2821DA4588700208C38 /* Assets.xcassets */,
				4CA5E2841DA4588700208C38 /* LaunchScreen.storyboard */,
				4CA5E2871DA4588700208C38 /* Info.plist */,
			);
			path = "Meme 2.0";
			sourceTree = "<group>";
		};
/* End PBXGroup section */

/* Begin PBXNativeTarget section */
		4CA5E2771DA4588700208C38 /* Meme 2.0 */ = {
			isa = PBXNativeTarget;
			buildConfigurationList = 4CA5E28A1DA4588700208C38 /* Build configuration list for PBXNativeTarget "Meme 2.0" */;
			buildPhases = (
				4CA5E2741DA4588700208C38 /* Sources */,
				4CA5E2751DA4588700208C38 /* Frameworks */,
				4CA5E2761DA4588700208C38 /* Resources */,
			);
			buildRules = (
			);
			dependencies = (
			);
			name = "Meme 2.0";
			productName = "Meme 2.0";
			productReference = 4CA5E2781DA4588700208C38 /* Meme 2.0.app */;
			productType = "com.apple.product-type.application";
		};
/* End PBXNativeTarget section */

/* Begin PBXProject section */
		4CA5E2701DA4588700208C38 /* Project object */ = {
			isa = PBXProject;
			attributes = {
				LastSwiftUpdateCheck = 0730;
				LastUpgradeCheck = 0730;
				ORGANIZATIONNAME = "MGK Technology Solutions, LLC";
				TargetAttributes = {
					4CA5E2771DA4588700208C38 = {
						CreatedOnToolsVersion = 7.3.1;
						DevelopmentTeam = 8TF66VKJD2;
					};
				};
			};
			buildConfigurationList = 4CA5E2731DA4588700208C38 /* Build configuration list for PBXProject "Meme 2.0" */;
			compatibilityVersion = "Xcode 3.2";
			developmentRegion = English;
			hasScannedForEncodings = 0;
			knownRegions = (
				en,
				Base,
			);
			mainGroup = 4CA5E26F1DA4588700208C38;
			productRefGroup = 4CA5E2791DA4588700208C38 /* Products */;
			projectDirPath = "";
			projectRoot = "";
			targets = (
				4CA5E2771DA4588700208C38 /* Meme 2.0 */,
			);
		};
/* End PBXProject section */

/* Begin PBXResourcesBuildPhase section */
		4CA5E2761DA4588700208C38 /* Resources */ = {
			isa = PBXResourcesBuildPhase;
			buildActionMask = 2147483647;
			files = (
				4CA5E2861DA4588700208C38 /* LaunchScreen.storyboard in Resources */,
				4CA5E2831DA4588700208C38 /* Assets.xcassets in Resources */,
				4CA5E2921DA459D000208C38 /* Main.storyboard in Resources */,
			);
			runOnlyForDeploymentPostprocessing = 0;
		};
/* End PBXResourcesBuildPhase section */

/* Begin PBXSourcesBuildPhase section */
		4CA5E2741DA4588700208C38 /* Sources */ = {
			isa = PBXSourcesBuildPhase;
			buildActionMask = 2147483647;
			files = (
				4CA5E2901DA458EA00208C38 /* Meme.swift in Sources */,
				4CA5E28E1DA458D500208C38 /* MemeCreationViewController.swift in Sources */,
				4C22FDEB1DA6A69A00AE0C6A /* MemeTableViewCell.swift in Sources */,
				4CA5E27C1DA4588700208C38 /* AppDelegate.swift in Sources */,
				4C22FDE91DA69F0F00AE0C6A /* MemeTableViewController.swift in Sources */,
			);
			runOnlyForDeploymentPostprocessing = 0;
		};
/* End PBXSourcesBuildPhase section */

/* Begin PBXVariantGroup section */
		4CA5E2841DA4588700208C38 /* LaunchScreen.storyboard */ = {
			isa = PBXVariantGroup;
			children = (
				4CA5E2851DA4588700208C38 /* Base */,
			);
			name = LaunchScreen.storyboard;
			sourceTree = "<group>";
		};
/* End PBXVariantGroup section */

/* Begin XCBuildConfiguration section */
		4CA5E2881DA4588700208C38 /* Debug */ = {
			isa = XCBuildConfiguration;
			buildSettings = {
				ALWAYS_SEARCH_USER_PATHS = NO;
				CLANG_ANALYZER_NONNULL = YES;
				CLANG_CXX_LANGUAGE_STANDARD = "gnu++0x";
				CLANG_CXX_LIBRARY = "libc++";
				CLANG_ENABLE_MODULES = YES;
				CLANG_ENABLE_OBJC_ARC = YES;
				CLANG_WARN_BOOL_CONVERSION = YES;
				CLANG_WARN_CONSTANT_CONVERSION = YES;
				CLANG_WARN_DIRECT_OBJC_ISA_USAGE = YES_ERROR;
				CLANG_WARN_EMPTY_BODY = YES;
				CLANG_WARN_ENUM_CONVERSION = YES;
				CLANG_WARN_INT_CONVERSION = YES;
				CLANG_WARN_OBJC_ROOT_CLASS = YES_ERROR;
				CLANG_WARN_UNREACHABLE_CODE = YES;
				CLANG_WARN__DUPLICATE_METHOD_MATCH = YES;
				"CODE_SIGN_IDENTITY[sdk=iphoneos*]" = "iPhone Developer";
				COPY_PHASE_STRIP = NO;
				DEBUG_INFORMATION_FORMAT = dwarf;
				ENABLE_STRICT_OBJC_MSGSEND = YES;
				ENABLE_TESTABILITY = YES;
				GCC_C_LANGUAGE_STANDARD = gnu99;
				GCC_DYNAMIC_NO_PIC = NO;
				GCC_NO_COMMON_BLOCKS = YES;
				GCC_OPTIMIZATION_LEVEL = 0;
				GCC_PREPROCESSOR_DEFINITIONS = (
					"DEBUG=1",
					"$(inherited)",
				);
				GCC_WARN_64_TO_32_BIT_CONVERSION = YES;
				GCC_WARN_ABOUT_RETURN_TYPE = YES_ERROR;
				GCC_WARN_UNDECLARED_SELECTOR = YES;
				GCC_WARN_UNINITIALIZED_AUTOS = YES_AGGRESSIVE;
				GCC_WARN_UNUSED_FUNCTION = YES;
				GCC_WARN_UNUSED_VARIABLE = YES;
				IPHONEOS_DEPLOYMENT_TARGET = 9.3;
				MTL_ENABLE_DEBUG_INFO = YES;
				ONLY_ACTIVE_ARCH = YES;
				SDKROOT = iphoneos;
				SWIFT_OPTIMIZATION_LEVEL = "-Onone";
			};
			name = Debug;
		};
		4CA5E2891DA4588700208C38 /* Release */ = {
			isa = XCBuildConfiguration;
			buildSettings = {
				ALWAYS_SEARCH_USER_PATHS = NO;
				CLANG_ANALYZER_NONNULL = YES;
				CLANG_CXX_LANGUAGE_STANDARD = "gnu++0x";
				CLANG_CXX_LIBRARY = "libc++";
				CLANG_ENABLE_MODULES = YES;
				CLANG_ENABLE_OBJC_ARC = YES;
				CLANG_WARN_BOOL_CONVERSION = YES;
				CLANG_WARN_CONSTANT_CONVERSION = YES;
				CLANG_WARN_DIRECT_OBJC_ISA_USAGE = YES_ERROR;
				CLANG_WARN_EMPTY_BODY = YES;
				CLANG_WARN_ENUM_CONVERSION = YES;
				CLANG_WARN_INT_CONVERSION = YES;
				CLANG_WARN_OBJC_ROOT_CLASS = YES_ERROR;
				CLANG_WARN_UNREACHABLE_CODE = YES;
				CLANG_WARN__DUPLICATE_METHOD_MATCH = YES;
				"CODE_SIGN_IDENTITY[sdk=iphoneos*]" = "iPhone Developer";
				COPY_PHASE_STRIP = NO;
				DEBUG_INFORMATION_FORMAT = "dwarf-with-dsym";
				ENABLE_NS_ASSERTIONS = NO;
				ENABLE_STRICT_OBJC_MSGSEND = YES;
				GCC_C_LANGUAGE_STANDARD = gnu99;
				GCC_NO_COMMON_BLOCKS = YES;
				GCC_WARN_64_TO_32_BIT_CONVERSION = YES;
				GCC_WARN_ABOUT_RETURN_TYPE = YES_ERROR;
				GCC_WARN_UNDECLARED_SELECTOR = YES;
				GCC_WARN_UNINITIALIZED_AUTOS = YES_AGGRESSIVE;
				GCC_WARN_UNUSED_FUNCTION = YES;
				GCC_WARN_UNUSED_VARIABLE = YES;
				IPHONEOS_DEPLOYMENT_TARGET = 9.3;
				MTL_ENABLE_DEBUG_INFO = NO;
				SDKROOT = iphoneos;
				VALIDATE_PRODUCT = YES;
			};
			name = Release;
		};
		4CA5E28B1DA4588700208C38 /* Debug */ = {
			isa = XCBuildConfiguration;
			buildSettings = {
				ASSETCATALOG_COMPILER_APPICON_NAME = AppIcon;
				INFOPLIST_FILE = "Meme 2.0/Info.plist";
				LD_RUNPATH_SEARCH_PATHS = "$(inherited) @executable_path/Frameworks";
				PRODUCT_BUNDLE_IDENTIFIER = "com.mgktechsolutions.Meme-2-0";
				PRODUCT_NAME = "$(TARGET_NAME)";
			};
			name = Debug;
		};
		4CA5E28C1DA4588700208C38 /* Release */ = {
			isa = XCBuildConfiguration;
			buildSettings = {
				ASSETCATALOG_COMPILER_APPICON_NAME = AppIcon;
				INFOPLIST_FILE = "Meme 2.0/Info.plist";
				LD_RUNPATH_SEARCH_PATHS = "$(inherited) @executable_path/Frameworks";
				PRODUCT_BUNDLE_IDENTIFIER = "com.mgktechsolutions.Meme-2-0";
				PRODUCT_NAME = "$(TARGET_NAME)";
			};
			name = Release;
		};
/* End XCBuildConfiguration section */

/* Begin XCConfigurationList section */
		4CA5E2731DA4588700208C38 /* Build configuration list for PBXProject "Meme 2.0" */ = {
			isa = XCConfigurationList;
			buildConfigurations = (
				4CA5E2881DA4588700208C38 /* Debug */,
				4CA5E2891DA4588700208C38 /* Release */,
			);
			defaultConfigurationIsVisible = 0;
			defaultConfigurationName = Release;
		};
		4CA5E28A1DA4588700208C38 /* Build configuration list for PBXNativeTarget "Meme 2.0" */ = {
			isa = XCConfigurationList;
			buildConfigurations = (
				4CA5E28B1DA4588700208C38 /* Debug */,
				4CA5E28C1DA4588700208C38 /* Release */,
			);
			defaultConfigurationIsVisible = 0;
			defaultConfigurationName = Release;
		};
/* End XCConfigurationList section */
	};
	rootObject = 4CA5E2701DA4588700208C38 /* Project object */;
}
